
Microsoft Visual Studio Solution File, Format Version 12.00
# Visual Studio Version 17
VisualStudioVersion = 17.9.34902.65
MinimumVisualStudioVersion = 10.0.40219.1
Project("{9A19103F-16F7-4668-BE54-9A1E7A4F7556}") = "APIRandomUserGenerator", "APIRandomUserGenerator\APIRandomUserGenerator.csproj", "{F23F86D3-0412-438B-9AAB-217D1A4495F1}"
EndProject
Project("{FAE04EC0-301F-11D3-BF4B-00C04F79EFBC}") = "APIUsuario", "APIUsuario\APIUsuario.csproj", "{BE0A4BA3-ED04-4A9C-804D-4C85EB1075A7}"
EndProject
Global
	GlobalSection(SolutionConfigurationPlatforms) = preSolution
		Debug|Any CPU = Debug|Any CPU
		Release|Any CPU = Release|Any CPU
	EndGlobalSection
	GlobalSection(ProjectConfigurationPlatforms) = postSolution
		{F23F86D3-0412-438B-9AAB-217D1A4495F1}.Debug|Any CPU.ActiveCfg = Debug|Any CPU
		{F23F86D3-0412-438B-9AAB-217D1A4495F1}.Debug|Any CPU.Build.0 = Debug|Any CPU
		{F23F86D3-0412-438B-9AAB-217D1A4495F1}.Release|Any CPU.ActiveCfg = Release|Any CPU
		{F23F86D3-0412-438B-9AAB-217D1A4495F1}.Release|Any CPU.Build.0 = Release|Any CPU
		{BE0A4BA3-ED04-4A9C-804D-4C85EB1075A7}.Debug|Any CPU.ActiveCfg = Debug|Any CPU
		{BE0A4BA3-ED04-4A9C-804D-4C85EB1075A7}.Debug|Any CPU.Build.0 = Debug|Any CPU
		{BE0A4BA3-ED04-4A9C-804D-4C85EB1075A7}.Release|Any CPU.ActiveCfg = Release|Any CPU
		{BE0A4BA3-ED04-4A9C-804D-4C85EB1075A7}.Release|Any CPU.Build.0 = Release|Any CPU
	EndGlobalSection
	GlobalSection(SolutionProperties) = preSolution
		HideSolutionNode = FALSE
	EndGlobalSection
	GlobalSection(ExtensibilityGlobals) = postSolution
		SolutionGuid = {DDD70D20-79A1-4EDB-B2DB-8459236212B4}
	EndGlobalSection
EndGlobal
